
Microsoft Visual Studio Solution File, Format Version 12.00
# Visual Studio Version 16
VisualStudioVersion = 16.0.31321.278
MinimumVisualStudioVersion = 10.0.40219.1
Project("{9A19103F-16F7-4668-BE54-9A1E7A4F7556}") = "Supervisory.Api", "Supervisory.Api\Supervisory.Api.csproj", "{76548286-31B0-45B5-A006-71630B5CA9D7}"
EndProject
Project("{9A19103F-16F7-4668-BE54-9A1E7A4F7556}") = "Supervisory.Domain", "Supervisory.Domain\Supervisory.Domain.csproj", "{6FE46EE4-18A1-4F81-AA8B-63FC442206BC}"
EndProject
Project("{FAE04EC0-301F-11D3-BF4B-00C04F79EFBC}") = "Supervisory.Infra", "Supervisory.Infra\Supervisory.Infra.csproj", "{BEAE062A-614B-4765-9190-764338F03126}"
EndProject
Global
	GlobalSection(SolutionConfigurationPlatforms) = preSolution
		Debug|Any CPU = Debug|Any CPU
		Release|Any CPU = Release|Any CPU
	EndGlobalSection
	GlobalSection(ProjectConfigurationPlatforms) = postSolution
		{76548286-31B0-45B5-A006-71630B5CA9D7}.Debug|Any CPU.ActiveCfg = Debug|Any CPU
		{76548286-31B0-45B5-A006-71630B5CA9D7}.Debug|Any CPU.Build.0 = Debug|Any CPU
		{76548286-31B0-45B5-A006-71630B5CA9D7}.Release|Any CPU.ActiveCfg = Release|Any CPU
		{76548286-31B0-45B5-A006-71630B5CA9D7}.Release|Any CPU.Build.0 = Release|Any CPU
		{6FE46EE4-18A1-4F81-AA8B-63FC442206BC}.Debug|Any CPU.ActiveCfg = Debug|Any CPU
		{6FE46EE4-18A1-4F81-AA8B-63FC442206BC}.Debug|Any CPU.Build.0 = Debug|Any CPU
		{6FE46EE4-18A1-4F81-AA8B-63FC442206BC}.Release|Any CPU.ActiveCfg = Release|Any CPU
		{6FE46EE4-18A1-4F81-AA8B-63FC442206BC}.Release|Any CPU.Build.0 = Release|Any CPU
		{BEAE062A-614B-4765-9190-764338F03126}.Debug|Any CPU.ActiveCfg = Debug|Any CPU
		{BEAE062A-614B-4765-9190-764338F03126}.Debug|Any CPU.Build.0 = Debug|Any CPU
		{BEAE062A-614B-4765-9190-764338F03126}.Release|Any CPU.ActiveCfg = Release|Any CPU
		{BEAE062A-614B-4765-9190-764338F03126}.Release|Any CPU.Build.0 = Release|Any CPU
	EndGlobalSection
	GlobalSection(SolutionProperties) = preSolution
		HideSolutionNode = FALSE
	EndGlobalSection
	GlobalSection(ExtensibilityGlobals) = postSolution
		SolutionGuid = {0422D11C-0BD0-403A-B451-DBDB22831A75}
	EndGlobalSection
EndGlobal
